
Microsoft Visual Studio Solution File, Format Version 12.00
# Visual Studio Version 17
VisualStudioVersion = 17.1.32421.90
MinimumVisualStudioVersion = 10.0.40219.1
Project("{FAE04EC0-301F-11D3-BF4B-00C04F79EFBC}") = "Kolokvijum2", "Kolokvijum2.csproj", "{DACDDD5D-5C7B-4AAB-A457-E7DC51BC2011}"
EndProject
Global
	GlobalSection(SolutionConfigurationPlatforms) = preSolution
		Debug|Any CPU = Debug|Any CPU
		Release|Any CPU = Release|Any CPU
	EndGlobalSection
	GlobalSection(ProjectConfigurationPlatforms) = postSolution
		{DACDDD5D-5C7B-4AAB-A457-E7DC51BC2011}.Debug|Any CPU.ActiveCfg = Debug|Any CPU
		{DACDDD5D-5C7B-4AAB-A457-E7DC51BC2011}.Debug|Any CPU.Build.0 = Debug|Any CPU
		{DACDDD5D-5C7B-4AAB-A457-E7DC51BC2011}.Release|Any CPU.ActiveCfg = Release|Any CPU
		{DACDDD5D-5C7B-4AAB-A457-E7DC51BC2011}.Release|Any CPU.Build.0 = Release|Any CPU
	EndGlobalSection
	GlobalSection(SolutionProperties) = preSolution
		HideSolutionNode = FALSE
	EndGlobalSection
	GlobalSection(ExtensibilityGlobals) = postSolution
		SolutionGuid = {99F3969B-DE1A-46B1-BF93-A738150C0685}
	EndGlobalSection
EndGlobal
